
Microsoft Visual Studio Solution File, Format Version 12.00
# Visual Studio Version 17
VisualStudioVersion = 17.6.33801.468
MinimumVisualStudioVersion = 10.0.40219.1
Project("{FAE04EC0-301F-11D3-BF4B-00C04F79EFBC}") = "RazorViews", "RazorViews\RazorViews.csproj", "{A8415FEA-78FB-4483-8768-4B91DBDB6DAE}"
EndProject
Global
	GlobalSection(SolutionConfigurationPlatforms) = preSolution
		Debug|Any CPU = Debug|Any CPU
		Release|Any CPU = Release|Any CPU
	EndGlobalSection
	GlobalSection(ProjectConfigurationPlatforms) = postSolution
		{A8415FEA-78FB-4483-8768-4B91DBDB6DAE}.Debug|Any CPU.ActiveCfg = Debug|Any CPU
		{A8415FEA-78FB-4483-8768-4B91DBDB6DAE}.Debug|Any CPU.Build.0 = Debug|Any CPU
		{A8415FEA-78FB-4483-8768-4B91DBDB6DAE}.Release|Any CPU.ActiveCfg = Release|Any CPU
		{A8415FEA-78FB-4483-8768-4B91DBDB6DAE}.Release|Any CPU.Build.0 = Release|Any CPU
	EndGlobalSection
	GlobalSection(SolutionProperties) = preSolution
		HideSolutionNode = FALSE
	EndGlobalSection
	GlobalSection(ExtensibilityGlobals) = postSolution
		SolutionGuid = {AC50DDF5-A539-47A3-93E3-F90E12923AA1}
	EndGlobalSection
EndGlobal
