
Microsoft Visual Studio Solution File, Format Version 12.00
# Visual Studio Version 17
VisualStudioVersion = 17.6.33723.286
MinimumVisualStudioVersion = 10.0.40219.1
Project("{FAE04EC0-301F-11D3-BF4B-00C04F79EFBC}") = "Controllers", "Controllers\Controllers.csproj", "{B9496CDA-279B-4392-83B2-BEF7E0FA273E}"
EndProject
Global
	GlobalSection(SolutionConfigurationPlatforms) = preSolution
		Debug|Any CPU = Debug|Any CPU
		Release|Any CPU = Release|Any CPU
	EndGlobalSection
	GlobalSection(ProjectConfigurationPlatforms) = postSolution
		{B9496CDA-279B-4392-83B2-BEF7E0FA273E}.Debug|Any CPU.ActiveCfg = Debug|Any CPU
		{B9496CDA-279B-4392-83B2-BEF7E0FA273E}.Debug|Any CPU.Build.0 = Debug|Any CPU
		{B9496CDA-279B-4392-83B2-BEF7E0FA273E}.Release|Any CPU.ActiveCfg = Release|Any CPU
		{B9496CDA-279B-4392-83B2-BEF7E0FA273E}.Release|Any CPU.Build.0 = Release|Any CPU
	EndGlobalSection
	GlobalSection(SolutionProperties) = preSolution
		HideSolutionNode = FALSE
	EndGlobalSection
	GlobalSection(ExtensibilityGlobals) = postSolution
		SolutionGuid = {244B83A9-5778-478B-A856-F7C381B95E12}
	EndGlobalSection
EndGlobal
