
Microsoft Visual Studio Solution File, Format Version 12.00
# Visual Studio Version 17
VisualStudioVersion = 17.6.33801.468
MinimumVisualStudioVersion = 10.0.40219.1
Project("{9A19103F-16F7-4668-BE54-9A1E7A4F7556}") = "WeatherApp", "WeatherApp\WeatherApp.csproj", "{0263F220-54A6-4C52-9014-F0999BC4ABEC}"
EndProject
Project("{FAE04EC0-301F-11D3-BF4B-00C04F79EFBC}") = "Services", "WeatherService\Services.csproj", "{037D2BB8-93AC-4678-BDAA-9CD8361FF4EF}"
EndProject
Project("{FAE04EC0-301F-11D3-BF4B-00C04F79EFBC}") = "ServiceContracts", "ServiceContracts\ServiceContracts.csproj", "{42138D75-24C6-4655-8930-BCFE8177A6CA}"
EndProject
Global
	GlobalSection(SolutionConfigurationPlatforms) = preSolution
		Debug|Any CPU = Debug|Any CPU
		Release|Any CPU = Release|Any CPU
	EndGlobalSection
	GlobalSection(ProjectConfigurationPlatforms) = postSolution
		{0263F220-54A6-4C52-9014-F0999BC4ABEC}.Debug|Any CPU.ActiveCfg = Debug|Any CPU
		{0263F220-54A6-4C52-9014-F0999BC4ABEC}.Debug|Any CPU.Build.0 = Debug|Any CPU
		{0263F220-54A6-4C52-9014-F0999BC4ABEC}.Release|Any CPU.ActiveCfg = Release|Any CPU
		{0263F220-54A6-4C52-9014-F0999BC4ABEC}.Release|Any CPU.Build.0 = Release|Any CPU
		{037D2BB8-93AC-4678-BDAA-9CD8361FF4EF}.Debug|Any CPU.ActiveCfg = Debug|Any CPU
		{037D2BB8-93AC-4678-BDAA-9CD8361FF4EF}.Debug|Any CPU.Build.0 = Debug|Any CPU
		{037D2BB8-93AC-4678-BDAA-9CD8361FF4EF}.Release|Any CPU.ActiveCfg = Release|Any CPU
		{037D2BB8-93AC-4678-BDAA-9CD8361FF4EF}.Release|Any CPU.Build.0 = Release|Any CPU
		{42138D75-24C6-4655-8930-BCFE8177A6CA}.Debug|Any CPU.ActiveCfg = Debug|Any CPU
		{42138D75-24C6-4655-8930-BCFE8177A6CA}.Debug|Any CPU.Build.0 = Debug|Any CPU
		{42138D75-24C6-4655-8930-BCFE8177A6CA}.Release|Any CPU.ActiveCfg = Release|Any CPU
		{42138D75-24C6-4655-8930-BCFE8177A6CA}.Release|Any CPU.Build.0 = Release|Any CPU
	EndGlobalSection
	GlobalSection(SolutionProperties) = preSolution
		HideSolutionNode = FALSE
	EndGlobalSection
	GlobalSection(ExtensibilityGlobals) = postSolution
		SolutionGuid = {D6CCBB9F-B2A7-409F-A445-B75CBA1B592A}
	EndGlobalSection
EndGlobal
