
Microsoft Visual Studio Solution File, Format Version 12.00
# Visual Studio Version 17
VisualStudioVersion = 17.6.33815.320
MinimumVisualStudioVersion = 10.0.40219.1
Project("{FAE04EC0-301F-11D3-BF4B-00C04F79EFBC}") = "Environments", "Environments\Environments.csproj", "{BAB07117-5D7D-47CE-983F-407DC787581A}"
EndProject
Global
	GlobalSection(SolutionConfigurationPlatforms) = preSolution
		Debug|Any CPU = Debug|Any CPU
		Release|Any CPU = Release|Any CPU
	EndGlobalSection
	GlobalSection(ProjectConfigurationPlatforms) = postSolution
		{BAB07117-5D7D-47CE-983F-407DC787581A}.Debug|Any CPU.ActiveCfg = Debug|Any CPU
		{BAB07117-5D7D-47CE-983F-407DC787581A}.Debug|Any CPU.Build.0 = Debug|Any CPU
		{BAB07117-5D7D-47CE-983F-407DC787581A}.Release|Any CPU.ActiveCfg = Release|Any CPU
		{BAB07117-5D7D-47CE-983F-407DC787581A}.Release|Any CPU.Build.0 = Release|Any CPU
	EndGlobalSection
	GlobalSection(SolutionProperties) = preSolution
		HideSolutionNode = FALSE
	EndGlobalSection
	GlobalSection(ExtensibilityGlobals) = postSolution
		SolutionGuid = {73AB3B36-CBCC-4DAC-9386-935872E4C2B5}
	EndGlobalSection
EndGlobal
