
Microsoft Visual Studio Solution File, Format Version 12.00
# Visual Studio Version 17
VisualStudioVersion = 17.6.33801.468
MinimumVisualStudioVersion = 10.0.40219.1
Project("{FAE04EC0-301F-11D3-BF4B-00C04F79EFBC}") = "ECommerceOrdersApp", "ECommerceOrdersApp\ECommerceOrdersApp.csproj", "{4DE7BCE6-D4E0-4726-9CC6-6C7D80E40813}"
EndProject
Global
	GlobalSection(SolutionConfigurationPlatforms) = preSolution
		Debug|Any CPU = Debug|Any CPU
		Release|Any CPU = Release|Any CPU
	EndGlobalSection
	GlobalSection(ProjectConfigurationPlatforms) = postSolution
		{4DE7BCE6-D4E0-4726-9CC6-6C7D80E40813}.Debug|Any CPU.ActiveCfg = Debug|Any CPU
		{4DE7BCE6-D4E0-4726-9CC6-6C7D80E40813}.Debug|Any CPU.Build.0 = Debug|Any CPU
		{4DE7BCE6-D4E0-4726-9CC6-6C7D80E40813}.Release|Any CPU.ActiveCfg = Release|Any CPU
		{4DE7BCE6-D4E0-4726-9CC6-6C7D80E40813}.Release|Any CPU.Build.0 = Release|Any CPU
	EndGlobalSection
	GlobalSection(SolutionProperties) = preSolution
		HideSolutionNode = FALSE
	EndGlobalSection
	GlobalSection(ExtensibilityGlobals) = postSolution
		SolutionGuid = {0727D2CA-101B-49ED-A972-E8154F2914E2}
	EndGlobalSection
EndGlobal
