
Microsoft Visual Studio Solution File, Format Version 12.00
# Visual Studio Version 17
VisualStudioVersion = 17.6.33815.320
MinimumVisualStudioVersion = 10.0.40219.1
Project("{FAE04EC0-301F-11D3-BF4B-00C04F79EFBC}") = "Configuration", "Configuration\Configuration.csproj", "{CF7A4C03-1C8D-4710-860B-11BC39A27C96}"
EndProject
Global
	GlobalSection(SolutionConfigurationPlatforms) = preSolution
		Debug|Any CPU = Debug|Any CPU
		Release|Any CPU = Release|Any CPU
	EndGlobalSection
	GlobalSection(ProjectConfigurationPlatforms) = postSolution
		{CF7A4C03-1C8D-4710-860B-11BC39A27C96}.Debug|Any CPU.ActiveCfg = Debug|Any CPU
		{CF7A4C03-1C8D-4710-860B-11BC39A27C96}.Debug|Any CPU.Build.0 = Debug|Any CPU
		{CF7A4C03-1C8D-4710-860B-11BC39A27C96}.Release|Any CPU.ActiveCfg = Release|Any CPU
		{CF7A4C03-1C8D-4710-860B-11BC39A27C96}.Release|Any CPU.Build.0 = Release|Any CPU
	EndGlobalSection
	GlobalSection(SolutionProperties) = preSolution
		HideSolutionNode = FALSE
	EndGlobalSection
	GlobalSection(ExtensibilityGlobals) = postSolution
		SolutionGuid = {AD9BA9E7-DB6F-48DA-8D08-7D5440ECE2ED}
	EndGlobalSection
EndGlobal
