
Microsoft Visual Studio Solution File, Format Version 12.00
# Visual Studio Version 17
VisualStudioVersion = 17.6.33723.286
MinimumVisualStudioVersion = 10.0.40219.1
Project("{FAE04EC0-301F-11D3-BF4B-00C04F79EFBC}") = "ModelBindingAndValidation", "ModelBindingAndValidation\ModelBindingAndValidation.csproj", "{843A851E-0DB6-447B-9611-D1148B01A536}"
EndProject
Global
	GlobalSection(SolutionConfigurationPlatforms) = preSolution
		Debug|Any CPU = Debug|Any CPU
		Release|Any CPU = Release|Any CPU
	EndGlobalSection
	GlobalSection(ProjectConfigurationPlatforms) = postSolution
		{843A851E-0DB6-447B-9611-D1148B01A536}.Debug|Any CPU.ActiveCfg = Debug|Any CPU
		{843A851E-0DB6-447B-9611-D1148B01A536}.Debug|Any CPU.Build.0 = Debug|Any CPU
		{843A851E-0DB6-447B-9611-D1148B01A536}.Release|Any CPU.ActiveCfg = Release|Any CPU
		{843A851E-0DB6-447B-9611-D1148B01A536}.Release|Any CPU.Build.0 = Release|Any CPU
	EndGlobalSection
	GlobalSection(SolutionProperties) = preSolution
		HideSolutionNode = FALSE
	EndGlobalSection
	GlobalSection(ExtensibilityGlobals) = postSolution
		SolutionGuid = {AE5F53E1-C9CE-403D-BED9-8FD52DCCC25E}
	EndGlobalSection
EndGlobal
